
Microsoft Visual Studio Solution File, Format Version 10.00
# Visual Studio 2008
Project("{FAE04EC0-301F-11D3-BF4B-00C04F79EFBC}") = "Core", "Core\Core.csproj", "{59C24364-8C00-46AD-9CE6-1D5630656DF9}"
EndProject
Project("{2150E333-8FDC-42A3-9474-1A3956D46DE8}") = "Plugins", "Plugins", "{61B964BD-E857-4FB7-8933-6BFCDD3C45FD}"
EndProject
Project("{2150E333-8FDC-42A3-9474-1A3956D46DE8}") = "CacheProviders", "CacheProviders", "{C2A9A26F-3433-4E1F-90A7-D1D1EA93E42C}"
EndProject
Project("{FAE04EC0-301F-11D3-BF4B-00C04F79EFBC}") = "ApplicationCacher", "Plugins\CacheProviders\ApplicationCacher\ApplicationCacher.csproj", "{44196ED8-BD8F-4D50-A906-A3B038F00570}"
EndProject
Project("{FAE04EC0-301F-11D3-BF4B-00C04F79EFBC}") = "WebCache", "Plugins\CacheProviders\WebCache\WebCache.csproj", "{4CF09821-4DF8-4DFE-B22E-3EBAE4A01C33}"
EndProject
Project("{2150E333-8FDC-42A3-9474-1A3956D46DE8}") = "Samples", "Samples", "{22152CBE-B7E2-4445-9A64-4CC22C30D831}"
EndProject
Project("{00000000-0000-0000-0000-000000000000}") = "MVC", "..\GithubSharp", "{6E6F792C-7692-4B41-A496-9DC7B02F40F7}"
EndProject
Project("{00000000-0000-0000-0000-000000000000}") = "MVC", ".", "{383DA93B-373A-480A-B21A-A45E64B002D7}"
EndProject
Global
	GlobalSection(SolutionConfigurationPlatforms) = preSolution
		Debug|Any CPU = Debug|Any CPU
		Release|Any CPU = Release|Any CPU
	EndGlobalSection
	GlobalSection(ProjectConfigurationPlatforms) = postSolution
		{59C24364-8C00-46AD-9CE6-1D5630656DF9}.Debug|Any CPU.ActiveCfg = Debug|Any CPU
		{59C24364-8C00-46AD-9CE6-1D5630656DF9}.Debug|Any CPU.Build.0 = Debug|Any CPU
		{59C24364-8C00-46AD-9CE6-1D5630656DF9}.Release|Any CPU.ActiveCfg = Release|Any CPU
		{59C24364-8C00-46AD-9CE6-1D5630656DF9}.Release|Any CPU.Build.0 = Release|Any CPU
		{44196ED8-BD8F-4D50-A906-A3B038F00570}.Debug|Any CPU.ActiveCfg = Debug|Any CPU
		{44196ED8-BD8F-4D50-A906-A3B038F00570}.Debug|Any CPU.Build.0 = Debug|Any CPU
		{44196ED8-BD8F-4D50-A906-A3B038F00570}.Release|Any CPU.ActiveCfg = Release|Any CPU
		{44196ED8-BD8F-4D50-A906-A3B038F00570}.Release|Any CPU.Build.0 = Release|Any CPU
		{4CF09821-4DF8-4DFE-B22E-3EBAE4A01C33}.Debug|Any CPU.ActiveCfg = Debug|Any CPU
		{4CF09821-4DF8-4DFE-B22E-3EBAE4A01C33}.Debug|Any CPU.Build.0 = Debug|Any CPU
		{4CF09821-4DF8-4DFE-B22E-3EBAE4A01C33}.Release|Any CPU.ActiveCfg = Release|Any CPU
		{4CF09821-4DF8-4DFE-B22E-3EBAE4A01C33}.Release|Any CPU.Build.0 = Release|Any CPU
		{6E6F792C-7692-4B41-A496-9DC7B02F40F7}.Debug|Any CPU.ActiveCfg = Debug|Any CPU
		{6E6F792C-7692-4B41-A496-9DC7B02F40F7}.Debug|Any CPU.Build.0 = Debug|Any CPU
		{6E6F792C-7692-4B41-A496-9DC7B02F40F7}.Release|Any CPU.ActiveCfg = Release|Any CPU
		{6E6F792C-7692-4B41-A496-9DC7B02F40F7}.Release|Any CPU.Build.0 = Release|Any CPU
		{383DA93B-373A-480A-B21A-A45E64B002D7}.Debug|Any CPU.ActiveCfg = Debug|Any CPU
		{383DA93B-373A-480A-B21A-A45E64B002D7}.Debug|Any CPU.Build.0 = Debug|Any CPU
		{383DA93B-373A-480A-B21A-A45E64B002D7}.Release|Any CPU.ActiveCfg = Release|Any CPU
		{383DA93B-373A-480A-B21A-A45E64B002D7}.Release|Any CPU.Build.0 = Release|Any CPU
	EndGlobalSection
	GlobalSection(SolutionProperties) = preSolution
		HideSolutionNode = FALSE
	EndGlobalSection
	GlobalSection(NestedProjects) = preSolution
		{C2A9A26F-3433-4E1F-90A7-D1D1EA93E42C} = {61B964BD-E857-4FB7-8933-6BFCDD3C45FD}
		{44196ED8-BD8F-4D50-A906-A3B038F00570} = {C2A9A26F-3433-4E1F-90A7-D1D1EA93E42C}
		{4CF09821-4DF8-4DFE-B22E-3EBAE4A01C33} = {C2A9A26F-3433-4E1F-90A7-D1D1EA93E42C}
		{383DA93B-373A-480A-B21A-A45E64B002D7} = {22152CBE-B7E2-4445-9A64-4CC22C30D831}
	EndGlobalSection
	GlobalSection(MonoDevelopProperties) = preSolution
		StartupItem = Samples\MVC\MVC.csproj
		Policies = $0
		$0.DotNetNamingPolicy = $1
		$1.DirectoryNamespaceAssociation = PrefixedHierarchical
		$1.ResourceNamePolicy = FileFormatDefault
		$0.StandardHeader = $2
		$2.Text = 
		$2.inheritsSet = MITX11License
		$0.VersionControlPolicy = $3
		$3.inheritsSet = Mono
	EndGlobalSection
EndGlobal
