
Microsoft Visual Studio Solution File, Format Version 11.00
# Visual Studio 2010
Project("{2150E333-8FDC-42A3-9474-1A3956D46DE8}") = "Plugins", "Plugins", "{0EED7BE0-C7EA-4A7F-BA45-7108319EC034}"
EndProject
Project("{2150E333-8FDC-42A3-9474-1A3956D46DE8}") = "CacheProviders", "CacheProviders", "{01BD6AE7-2049-46C4-94CE-A5105F8CFD16}"
EndProject
Project("{2150E333-8FDC-42A3-9474-1A3956D46DE8}") = "LogProviders", "LogProviders", "{D8F2FC78-7E9E-4F07-86BB-0E0DE31049E9}"
EndProject
Project("{2150E333-8FDC-42A3-9474-1A3956D46DE8}") = "Samples", "Samples", "{524A0064-011B-46A9-BC3D-A6ECC6E81C44}"
EndProject
Project("{2150E333-8FDC-42A3-9474-1A3956D46DE8}") = "Core", "Core", "{6B0D97D9-DFA2-4BD5-99A7-D3866E37A55F}"
EndProject
Project("{FAE04EC0-301F-11D3-BF4B-00C04F79EFBC}") = "ApplicationCacher", "Plugins\CacheProviders\ApplicationCacher\ApplicationCacher.csproj", "{44196ED8-BD8F-4D50-A906-A3B038F00570}"
EndProject
Project("{FAE04EC0-301F-11D3-BF4B-00C04F79EFBC}") = "WebCache", "Plugins\CacheProviders\WebCache\WebCache.csproj", "{4CF09821-4DF8-4DFE-B22E-3EBAE4A01C33}"
EndProject
Project("{FAE04EC0-301F-11D3-BF4B-00C04F79EFBC}") = "SimpleLogProvider", "Plugins\LogProviders\SimpleLogProvider\SimpleLogProvider.csproj", "{26AB1C43-34F7-446C-A514-EB0E38730631}"
EndProject
Project("{FAE04EC0-301F-11D3-BF4B-00C04F79EFBC}") = "Core", "Core\Core.csproj", "{59C24364-8C00-46AD-9CE6-1D5630656DF9}"
EndProject
Project("{FAE04EC0-301F-11D3-BF4B-00C04F79EFBC}") = "MvcApplication", "Samples\MvcSample\MvcApplication\MvcApplication.csproj", "{308EBC64-BFA7-40E3-9855-20099B94C665}"
EndProject
Project("{2150E333-8FDC-42A3-9474-1A3956D46DE8}") = "MvcSample", "MvcSample", "{214EE669-3ED2-4A03-A9B9-1F71B4257FA6}"
EndProject
Project("{FAE04EC0-301F-11D3-BF4B-00C04F79EFBC}") = "MvcUI", "Samples\MvcSample\MvcUI\MvcUI.csproj", "{33D4B918-DCF3-4A85-A353-ED141ECF7E3B}"
EndProject
Global
	GlobalSection(SolutionConfigurationPlatforms) = preSolution
		Debug|Any CPU = Debug|Any CPU
		Release|Any CPU = Release|Any CPU
	EndGlobalSection
	GlobalSection(ProjectConfigurationPlatforms) = postSolution
		{44196ED8-BD8F-4D50-A906-A3B038F00570}.Debug|Any CPU.ActiveCfg = Debug|Any CPU
		{44196ED8-BD8F-4D50-A906-A3B038F00570}.Debug|Any CPU.Build.0 = Debug|Any CPU
		{44196ED8-BD8F-4D50-A906-A3B038F00570}.Release|Any CPU.ActiveCfg = Release|Any CPU
		{44196ED8-BD8F-4D50-A906-A3B038F00570}.Release|Any CPU.Build.0 = Release|Any CPU
		{4CF09821-4DF8-4DFE-B22E-3EBAE4A01C33}.Debug|Any CPU.ActiveCfg = Debug|Any CPU
		{4CF09821-4DF8-4DFE-B22E-3EBAE4A01C33}.Debug|Any CPU.Build.0 = Debug|Any CPU
		{4CF09821-4DF8-4DFE-B22E-3EBAE4A01C33}.Release|Any CPU.ActiveCfg = Release|Any CPU
		{4CF09821-4DF8-4DFE-B22E-3EBAE4A01C33}.Release|Any CPU.Build.0 = Release|Any CPU
		{26AB1C43-34F7-446C-A514-EB0E38730631}.Debug|Any CPU.ActiveCfg = Debug|Any CPU
		{26AB1C43-34F7-446C-A514-EB0E38730631}.Debug|Any CPU.Build.0 = Debug|Any CPU
		{26AB1C43-34F7-446C-A514-EB0E38730631}.Release|Any CPU.ActiveCfg = Release|Any CPU
		{26AB1C43-34F7-446C-A514-EB0E38730631}.Release|Any CPU.Build.0 = Release|Any CPU
		{59C24364-8C00-46AD-9CE6-1D5630656DF9}.Debug|Any CPU.ActiveCfg = Debug|Any CPU
		{59C24364-8C00-46AD-9CE6-1D5630656DF9}.Debug|Any CPU.Build.0 = Debug|Any CPU
		{59C24364-8C00-46AD-9CE6-1D5630656DF9}.Release|Any CPU.ActiveCfg = Release|Any CPU
		{59C24364-8C00-46AD-9CE6-1D5630656DF9}.Release|Any CPU.Build.0 = Release|Any CPU
		{308EBC64-BFA7-40E3-9855-20099B94C665}.Debug|Any CPU.ActiveCfg = Debug|Any CPU
		{308EBC64-BFA7-40E3-9855-20099B94C665}.Debug|Any CPU.Build.0 = Debug|Any CPU
		{308EBC64-BFA7-40E3-9855-20099B94C665}.Release|Any CPU.ActiveCfg = Release|Any CPU
		{308EBC64-BFA7-40E3-9855-20099B94C665}.Release|Any CPU.Build.0 = Release|Any CPU
		{33D4B918-DCF3-4A85-A353-ED141ECF7E3B}.Debug|Any CPU.ActiveCfg = Debug|Any CPU
		{33D4B918-DCF3-4A85-A353-ED141ECF7E3B}.Debug|Any CPU.Build.0 = Debug|Any CPU
		{33D4B918-DCF3-4A85-A353-ED141ECF7E3B}.Release|Any CPU.ActiveCfg = Release|Any CPU
		{33D4B918-DCF3-4A85-A353-ED141ECF7E3B}.Release|Any CPU.Build.0 = Release|Any CPU
	EndGlobalSection
	GlobalSection(SolutionProperties) = preSolution
		HideSolutionNode = FALSE
	EndGlobalSection
	GlobalSection(NestedProjects) = preSolution
		{01BD6AE7-2049-46C4-94CE-A5105F8CFD16} = {0EED7BE0-C7EA-4A7F-BA45-7108319EC034}
		{D8F2FC78-7E9E-4F07-86BB-0E0DE31049E9} = {0EED7BE0-C7EA-4A7F-BA45-7108319EC034}
		{44196ED8-BD8F-4D50-A906-A3B038F00570} = {01BD6AE7-2049-46C4-94CE-A5105F8CFD16}
		{4CF09821-4DF8-4DFE-B22E-3EBAE4A01C33} = {01BD6AE7-2049-46C4-94CE-A5105F8CFD16}
		{26AB1C43-34F7-446C-A514-EB0E38730631} = {D8F2FC78-7E9E-4F07-86BB-0E0DE31049E9}
		{214EE669-3ED2-4A03-A9B9-1F71B4257FA6} = {524A0064-011B-46A9-BC3D-A6ECC6E81C44}
		{59C24364-8C00-46AD-9CE6-1D5630656DF9} = {6B0D97D9-DFA2-4BD5-99A7-D3866E37A55F}
		{308EBC64-BFA7-40E3-9855-20099B94C665} = {214EE669-3ED2-4A03-A9B9-1F71B4257FA6}
		{33D4B918-DCF3-4A85-A353-ED141ECF7E3B} = {214EE669-3ED2-4A03-A9B9-1F71B4257FA6}
	EndGlobalSection
	GlobalSection(MonoDevelopProperties) = preSolution
		StartupItem = Samples\MvcSample\MvcSample.csproj
	EndGlobalSection
EndGlobal
